<?xml version="1.0" encoding="utf-8"?>
<Project ToolsVersion="4.0" xmlns="http://schemas.microsoft.com/developer/msbuild/2003">
  <ItemGroup>
    <ClCompile Include="load3ds.c" />
    <ClCompile Include="loadjpeg.c" />
    <ClCompile Include="main.c" />
    <ClCompile Include="mathlib.c" />
  </ItemGroup>
  <ItemGroup>
    <ClInclude Include="load3ds.h" />
    <ClInclude Include="loadjpeg.h" />
    <ClInclude Include="mathlib.h" />
  </ItemGroup>
  <ItemGroup>
    <None Include="program.vp" />
  </ItemGroup>
</Project>