<?xml version="1.0" encoding="utf-8"?>
<Project ToolsVersion="4.0" xmlns="http://schemas.microsoft.com/developer/msbuild/2003">
  <ItemGroup>
    <Filter Include="Source Files">
      <UniqueIdentifier>{bebf3b76-b6b0-4ce5-8835-170ac546a163}</UniqueIdentifier>
      <Extensions>cpp;c;cxx;rc;def;r;odl;idl;hpj;bat</Extensions>
    </Filter>
    <Filter Include="Header Files">
      <UniqueIdentifier>{90d59027-e70f-4d69-8b5d-dc67da63f802}</UniqueIdentifier>
      <Extensions>h;hpp;hxx;hm;inl</Extensions>
    </Filter>
    <Filter Include="Resource Files">
      <UniqueIdentifier>{7d1933b1-ac4b-4d3f-884f-d74c77b08586}</UniqueIdentifier>
      <Extensions>ico;cur;bmp;dlg;rc2;rct;bin;rgs;gif;jpg;jpeg;jpe</Extensions>
    </Filter>
  </ItemGroup>
  <ItemGroup>
    <ClCompile Include="..\lib3ds\atmosphere.c">
      <Filter>Source Files</Filter>
    </ClCompile>
    <ClCompile Include="..\lib3ds\background.c">
      <Filter>Source Files</Filter>
    </ClCompile>
    <ClCompile Include="..\lib3ds\camera.c">
      <Filter>Source Files</Filter>
    </ClCompile>
    <ClCompile Include="..\lib3ds\chunk.c">
      <Filter>Source Files</Filter>
    </ClCompile>
    <ClCompile Include="..\lib3ds\ease.c">
      <Filter>Source Files</Filter>
    </ClCompile>
    <ClCompile Include="..\lib3ds\file.c">
      <Filter>Source Files</Filter>
    </ClCompile>
    <ClCompile Include="..\lib3ds\float.c">
      <Filter>Source Files</Filter>
    </ClCompile>
    <ClCompile Include="..\lib3ds\light.c">
      <Filter>Source Files</Filter>
    </ClCompile>
    <ClCompile Include="..\lib3ds\material.c">
      <Filter>Source Files</Filter>
    </ClCompile>
    <ClCompile Include="..\lib3ds\matrix.c">
      <Filter>Source Files</Filter>
    </ClCompile>
    <ClCompile Include="..\lib3ds\mesh.c">
      <Filter>Source Files</Filter>
    </ClCompile>
    <ClCompile Include="..\lib3ds\node.c">
      <Filter>Source Files</Filter>
    </ClCompile>
    <ClCompile Include="..\lib3ds\quat.c">
      <Filter>Source Files</Filter>
    </ClCompile>
    <ClCompile Include="..\lib3ds\readwrite.c">
      <Filter>Source Files</Filter>
    </ClCompile>
    <ClCompile Include="..\lib3ds\shadow.c">
      <Filter>Source Files</Filter>
    </ClCompile>
    <ClCompile Include="..\lib3ds\tcb.c">
      <Filter>Source Files</Filter>
    </ClCompile>
    <ClCompile Include="..\lib3ds\tracks.c">
      <Filter>Source Files</Filter>
    </ClCompile>
    <ClCompile Include="..\lib3ds\vector.c">
      <Filter>Source Files</Filter>
    </ClCompile>
    <ClCompile Include="..\lib3ds\viewport.c">
      <Filter>Source Files</Filter>
    </ClCompile>
  </ItemGroup>
  <ItemGroup>
    <ClInclude Include="..\lib3ds\atmosphere.h">
      <Filter>Header Files</Filter>
    </ClInclude>
    <ClInclude Include="..\lib3ds\background.h">
      <Filter>Header Files</Filter>
    </ClInclude>
    <ClInclude Include="..\lib3ds\camera.h">
      <Filter>Header Files</Filter>
    </ClInclude>
    <ClInclude Include="..\lib3ds\chunk.h">
      <Filter>Header Files</Filter>
    </ClInclude>
    <ClInclude Include="..\lib3ds\chunktable.h">
      <Filter>Header Files</Filter>
    </ClInclude>
    <ClInclude Include="..\lib3ds\ease.h">
      <Filter>Header Files</Filter>
    </ClInclude>
    <ClInclude Include="..\lib3ds\file.h">
      <Filter>Header Files</Filter>
    </ClInclude>
    <ClInclude Include="..\lib3ds\float.h">
      <Filter>Header Files</Filter>
    </ClInclude>
    <ClInclude Include="..\lib3ds\light.h">
      <Filter>Header Files</Filter>
    </ClInclude>
    <ClInclude Include="..\lib3ds\material.h">
      <Filter>Header Files</Filter>
    </ClInclude>
    <ClInclude Include="..\lib3ds\matrix.h">
      <Filter>Header Files</Filter>
    </ClInclude>
    <ClInclude Include="..\lib3ds\mesh.h">
      <Filter>Header Files</Filter>
    </ClInclude>
    <ClInclude Include="..\lib3ds\node.h">
      <Filter>Header Files</Filter>
    </ClInclude>
    <ClInclude Include="..\lib3ds\quat.h">
      <Filter>Header Files</Filter>
    </ClInclude>
    <ClInclude Include="..\lib3ds\readwrite.h">
      <Filter>Header Files</Filter>
    </ClInclude>
    <ClInclude Include="..\lib3ds\shadow.h">
      <Filter>Header Files</Filter>
    </ClInclude>
    <ClInclude Include="..\lib3ds\tcb.h">
      <Filter>Header Files</Filter>
    </ClInclude>
    <ClInclude Include="..\lib3ds\tracks.h">
      <Filter>Header Files</Filter>
    </ClInclude>
    <ClInclude Include="..\lib3ds\types.h">
      <Filter>Header Files</Filter>
    </ClInclude>
    <ClInclude Include="..\lib3ds\vector.h">
      <Filter>Header Files</Filter>
    </ClInclude>
    <ClInclude Include="..\lib3ds\viewport.h">
      <Filter>Header Files</Filter>
    </ClInclude>
  </ItemGroup>
</Project>