
Microsoft Visual Studio Solution File, Format Version 12.00
# Visual Studio 2012
Project("{8BC9CEB8-8B4A-11D0-8D11-00A0C91BC942}") = "01_ProjShadow", "src\01_ProjShadow\01_ProjShadow.vcxproj", "{2E5E6230-B429-40C6-A4C5-EBA1EF3DDEE3}"
EndProject
Project("{8BC9CEB8-8B4A-11D0-8D11-00A0C91BC942}") = "02_ObjectLine", "src\02_ObjectLine\02_ObjectLine.vcxproj", "{7F175CCB-26C5-4C75-BABF-EDAA2A426428}"
EndProject
Project("{8BC9CEB8-8B4A-11D0-8D11-00A0C91BC942}") = "03_LightMap", "src\03_LightMap\03_LightMap.vcxproj", "{C0334A2B-E832-4431-B913-29CC63E99119}"
EndProject
Project("{2150E333-8FDC-42A3-9474-1A3956D46DE8}") = "Lord_Of_The_Rings", "Lord_Of_The_Rings", "{93677ECD-931F-4883-925D-BAA0AD8F7819}"
EndProject
Project("{2150E333-8FDC-42A3-9474-1A3956D46DE8}") = "Demos", "Demos", "{AFC5BFE4-83AA-4A49-A4AC-21A1008FBED0}"
EndProject
Project("{8BC9CEB8-8B4A-11D0-8D11-00A0C91BC942}") = "lotr", "src\Lord_Of_The_Rings\lotr.vcxproj", "{2DE72665-69AF-4288-8965-24EB4C43D4A8}"
EndProject
Project("{8BC9CEB8-8B4A-11D0-8D11-00A0C91BC942}") = "config", "src\Lord_Of_The_Rings\config.vcxproj", "{283A8AE4-9702-4AF2-974D-E7620E143F53}"
EndProject
Project("{8BC9CEB8-8B4A-11D0-8D11-00A0C91BC942}") = "04_VolumeFog", "src\04_VolumeFog\04_VolumeFog.vcxproj", "{6ACE3581-F7A0-4C80-BB77-CE58E702BED7}"
EndProject
Project("{8BC9CEB8-8B4A-11D0-8D11-00A0C91BC942}") = "05_3DModelViewer", "src\05_3DModelViewer\05_3DModelViewer.vcxproj", "{54CA80B4-05DE-48C9-8104-06914D310628}"
EndProject
Project("{8BC9CEB8-8B4A-11D0-8D11-00A0C91BC942}") = "06_CubeMap", "src\06_CubeMap\06_CubeMap.vcxproj", "{E407BFCA-FA14-4C80-92C1-BFE6AAD5781A}"
EndProject
Project("{8BC9CEB8-8B4A-11D0-8D11-00A0C91BC942}") = "07_SkinnedMesh", "src\07_SkinnedMesh\07_SkinnedMesh.vcxproj", "{B991E436-840A-4E28-8D40-8A10199ACB85}"
EndProject
Project("{8BC9CEB8-8B4A-11D0-8D11-00A0C91BC942}") = "08_VertexProgram", "src\08_VertexProgram\08_VertexProgram.vcxproj", "{DCC3FA6E-680B-4231-B289-64684256500A}"
EndProject
Project("{8BC9CEB8-8B4A-11D0-8D11-00A0C91BC942}") = "09_Terrain", "src\09_Terrain\09_Terrain.vcxproj", "{3E15827C-38DD-4D15-83A7-5619589F59EA}"
EndProject
Project("{8BC9CEB8-8B4A-11D0-8D11-00A0C91BC942}") = "10_ShadowVolume", "src\10_ShadowVolume\10_ShadowVolume.vcxproj", "{841B42AB-52FA-4356-86CE-8E2C6B6A9090}"
EndProject
Global
	GlobalSection(SolutionConfigurationPlatforms) = preSolution
		Debug|Win32 = Debug|Win32
		Release|Win32 = Release|Win32
	EndGlobalSection
	GlobalSection(ProjectConfigurationPlatforms) = postSolution
		{2E5E6230-B429-40C6-A4C5-EBA1EF3DDEE3}.Debug|Win32.ActiveCfg = Debug|Win32
		{2E5E6230-B429-40C6-A4C5-EBA1EF3DDEE3}.Debug|Win32.Build.0 = Debug|Win32
		{2E5E6230-B429-40C6-A4C5-EBA1EF3DDEE3}.Release|Win32.ActiveCfg = Release|Win32
		{2E5E6230-B429-40C6-A4C5-EBA1EF3DDEE3}.Release|Win32.Build.0 = Release|Win32
		{7F175CCB-26C5-4C75-BABF-EDAA2A426428}.Debug|Win32.ActiveCfg = Debug|Win32
		{7F175CCB-26C5-4C75-BABF-EDAA2A426428}.Debug|Win32.Build.0 = Debug|Win32
		{7F175CCB-26C5-4C75-BABF-EDAA2A426428}.Release|Win32.ActiveCfg = Release|Win32
		{7F175CCB-26C5-4C75-BABF-EDAA2A426428}.Release|Win32.Build.0 = Release|Win32
		{C0334A2B-E832-4431-B913-29CC63E99119}.Debug|Win32.ActiveCfg = Debug|Win32
		{C0334A2B-E832-4431-B913-29CC63E99119}.Debug|Win32.Build.0 = Debug|Win32
		{C0334A2B-E832-4431-B913-29CC63E99119}.Release|Win32.ActiveCfg = Release|Win32
		{C0334A2B-E832-4431-B913-29CC63E99119}.Release|Win32.Build.0 = Release|Win32
		{2DE72665-69AF-4288-8965-24EB4C43D4A8}.Debug|Win32.ActiveCfg = Debug|Win32
		{2DE72665-69AF-4288-8965-24EB4C43D4A8}.Debug|Win32.Build.0 = Debug|Win32
		{2DE72665-69AF-4288-8965-24EB4C43D4A8}.Release|Win32.ActiveCfg = Release|Win32
		{2DE72665-69AF-4288-8965-24EB4C43D4A8}.Release|Win32.Build.0 = Release|Win32
		{283A8AE4-9702-4AF2-974D-E7620E143F53}.Debug|Win32.ActiveCfg = Debug|Win32
		{283A8AE4-9702-4AF2-974D-E7620E143F53}.Debug|Win32.Build.0 = Debug|Win32
		{283A8AE4-9702-4AF2-974D-E7620E143F53}.Release|Win32.ActiveCfg = Release|Win32
		{283A8AE4-9702-4AF2-974D-E7620E143F53}.Release|Win32.Build.0 = Release|Win32
		{6ACE3581-F7A0-4C80-BB77-CE58E702BED7}.Debug|Win32.ActiveCfg = Debug|Win32
		{6ACE3581-F7A0-4C80-BB77-CE58E702BED7}.Debug|Win32.Build.0 = Debug|Win32
		{6ACE3581-F7A0-4C80-BB77-CE58E702BED7}.Release|Win32.ActiveCfg = Release|Win32
		{6ACE3581-F7A0-4C80-BB77-CE58E702BED7}.Release|Win32.Build.0 = Release|Win32
		{54CA80B4-05DE-48C9-8104-06914D310628}.Debug|Win32.ActiveCfg = Debug|Win32
		{54CA80B4-05DE-48C9-8104-06914D310628}.Debug|Win32.Build.0 = Debug|Win32
		{54CA80B4-05DE-48C9-8104-06914D310628}.Release|Win32.ActiveCfg = Release|Win32
		{54CA80B4-05DE-48C9-8104-06914D310628}.Release|Win32.Build.0 = Release|Win32
		{E407BFCA-FA14-4C80-92C1-BFE6AAD5781A}.Debug|Win32.ActiveCfg = Debug|Win32
		{E407BFCA-FA14-4C80-92C1-BFE6AAD5781A}.Debug|Win32.Build.0 = Debug|Win32
		{E407BFCA-FA14-4C80-92C1-BFE6AAD5781A}.Release|Win32.ActiveCfg = Release|Win32
		{E407BFCA-FA14-4C80-92C1-BFE6AAD5781A}.Release|Win32.Build.0 = Release|Win32
		{B991E436-840A-4E28-8D40-8A10199ACB85}.Debug|Win32.ActiveCfg = Debug|Win32
		{B991E436-840A-4E28-8D40-8A10199ACB85}.Debug|Win32.Build.0 = Debug|Win32
		{B991E436-840A-4E28-8D40-8A10199ACB85}.Release|Win32.ActiveCfg = Release|Win32
		{B991E436-840A-4E28-8D40-8A10199ACB85}.Release|Win32.Build.0 = Release|Win32
		{DCC3FA6E-680B-4231-B289-64684256500A}.Debug|Win32.ActiveCfg = Debug|Win32
		{DCC3FA6E-680B-4231-B289-64684256500A}.Debug|Win32.Build.0 = Debug|Win32
		{DCC3FA6E-680B-4231-B289-64684256500A}.Release|Win32.ActiveCfg = Release|Win32
		{DCC3FA6E-680B-4231-B289-64684256500A}.Release|Win32.Build.0 = Release|Win32
		{3E15827C-38DD-4D15-83A7-5619589F59EA}.Debug|Win32.ActiveCfg = Debug|Win32
		{3E15827C-38DD-4D15-83A7-5619589F59EA}.Debug|Win32.Build.0 = Debug|Win32
		{3E15827C-38DD-4D15-83A7-5619589F59EA}.Release|Win32.ActiveCfg = Release|Win32
		{3E15827C-38DD-4D15-83A7-5619589F59EA}.Release|Win32.Build.0 = Release|Win32
		{841B42AB-52FA-4356-86CE-8E2C6B6A9090}.Debug|Win32.ActiveCfg = Debug|Win32
		{841B42AB-52FA-4356-86CE-8E2C6B6A9090}.Debug|Win32.Build.0 = Debug|Win32
		{841B42AB-52FA-4356-86CE-8E2C6B6A9090}.Release|Win32.ActiveCfg = Release|Win32
		{841B42AB-52FA-4356-86CE-8E2C6B6A9090}.Release|Win32.Build.0 = Release|Win32
	EndGlobalSection
	GlobalSection(SolutionProperties) = preSolution
		HideSolutionNode = FALSE
	EndGlobalSection
	GlobalSection(NestedProjects) = preSolution
		{7F175CCB-26C5-4C75-BABF-EDAA2A426428} = {AFC5BFE4-83AA-4A49-A4AC-21A1008FBED0}
		{C0334A2B-E832-4431-B913-29CC63E99119} = {AFC5BFE4-83AA-4A49-A4AC-21A1008FBED0}
		{2E5E6230-B429-40C6-A4C5-EBA1EF3DDEE3} = {AFC5BFE4-83AA-4A49-A4AC-21A1008FBED0}
		{6ACE3581-F7A0-4C80-BB77-CE58E702BED7} = {AFC5BFE4-83AA-4A49-A4AC-21A1008FBED0}
		{54CA80B4-05DE-48C9-8104-06914D310628} = {AFC5BFE4-83AA-4A49-A4AC-21A1008FBED0}
		{E407BFCA-FA14-4C80-92C1-BFE6AAD5781A} = {AFC5BFE4-83AA-4A49-A4AC-21A1008FBED0}
		{B991E436-840A-4E28-8D40-8A10199ACB85} = {AFC5BFE4-83AA-4A49-A4AC-21A1008FBED0}
		{DCC3FA6E-680B-4231-B289-64684256500A} = {AFC5BFE4-83AA-4A49-A4AC-21A1008FBED0}
		{3E15827C-38DD-4D15-83A7-5619589F59EA} = {AFC5BFE4-83AA-4A49-A4AC-21A1008FBED0}
		{841B42AB-52FA-4356-86CE-8E2C6B6A9090} = {AFC5BFE4-83AA-4A49-A4AC-21A1008FBED0}
		{2DE72665-69AF-4288-8965-24EB4C43D4A8} = {93677ECD-931F-4883-925D-BAA0AD8F7819}
		{283A8AE4-9702-4AF2-974D-E7620E143F53} = {93677ECD-931F-4883-925D-BAA0AD8F7819}
	EndGlobalSection
EndGlobal
